{
  "version": 4,
  "terraform_version": "1.14.5",
  "serial": 156,
  "lineage": "bf5c77aa-4178-779a-6b4f-89bbbef3065e",
  "outputs": {
    "bastion_id": {
      "value": "i-060624f65152387a1",
      "type": "string"
    },
    "cloudfront_distribution_id": {
      "value": "E2YLYCLHZS877J",
      "type": "string"
    },
    "cloudfront_domain": {
      "value": "d1evxo8lp0e0eg.cloudfront.net",
      "type": "string"
    },
    "db_secret_arn": {
      "value": "arn:aws:secretsmanager:ap-south-1:251876202726:secret:mri-dev-db-credentials-2MQMFS",
      "type": "string"
    },
    "frontend_bucket_name": {
      "value": "mri-dev-frontend-251876202726",
      "type": "string"
    },
    "iam_execution_role_arn": {
      "value": "arn:aws:iam::251876202726:role/mri-dev-ecs-execution-role",
      "type": "string"
    },
    "iam_task_role_arn": {
      "value": "arn:aws:iam::251876202726:role/mri-dev-ecs-task-role",
      "type": "string"
    },
    "rds_endpoint": {
      "value": "mri-dev-db.c9a44u2kqcf8.ap-south-1.rds.amazonaws.com",
      "type": "string"
    },
    "s3_bucket_name": {
      "value": "mri-dev-outputs-251876202726",
      "type": "string"
    },
    "vpc_id": {
      "value": "vpc-011dd497c035414dd",
      "type": "string"
    }
  },
  "resources": [
    {
      "mode": "data",
      "type": "aws_caller_identity",
      "name": "current",
      "provider": "provider[\"registry.terraform.io/hashicorp/aws\"]",
      "instances": [
        {
          "schema_version": 0,
          "attributes": {
            "account_id": "251876202726",
            "arn": "arn:aws:iam::251876202726:user/Auser",
            "id": "251876202726",
            "user_id": "AIDATVJH53DTDDQXY6T3S"
          },
          "sensitive_attributes": [],
          "identity_schema_version": 0
        }
      ]
    },
    {
      "module": "module.rds",
      "mode": "managed",
      "type": "aws_secretsmanager_secret",
      "name": "db",
      "provider": "provider[\"registry.terraform.io/hashicorp/aws\"]",
      "instances": [
        {
          "schema_version": 0,
          "attributes": {
            "arn": "arn:aws:secretsmanager:ap-south-1:251876202726:secret:mri-dev-db-credentials-2MQMFS",
            "description": "",
            "force_overwrite_replica_secret": false,
            "id": "arn:aws:secretsmanager:ap-south-1:251876202726:secret:mri-dev-db-credentials-2MQMFS",
            "kms_key_id": "",
            "name": "mri-dev-db-credentials",
            "name_prefix": "",
            "policy": "",
            "recovery_window_in_days": 0,
            "replica": [],
            "tags": {
              "Environment": "dev",
              "ManagedBy": "terraform",
              "Name": "mri-dev-db-credentials",
              "Owner": "edwardjsi",
              "Project": "mri"
            },
            "tags_all": {
              "Environment": "dev",
              "ManagedBy": "terraform",
              "Name": "mri-dev-db-credentials",
              "Owner": "edwardjsi",
              "Project": "mri"
            }
          },
          "sensitive_attributes": [],
          "identity_schema_version": 0,
          "private": "bnVsbA=="
        }
      ]
    },
    {
      "module": "module.rds",
      "mode": "managed",
      "type": "random_password",
      "name": "db",
      "provider": "provider[\"registry.terraform.io/hashicorp/random\"]",
      "instances": [
        {
          "schema_version": 3,
          "attributes": {
            "bcrypt_hash": "$2a$10$FUujK/uAzILDcjz0sXDNSeOvPw55gWOTQXuykqLMoSZceVlxnWd6W",
            "id": "none",
            "keepers": null,
            "length": 16,
            "lower": true,
            "min_lower": 0,
            "min_numeric": 0,
            "min_special": 0,
            "min_upper": 0,
            "number": true,
            "numeric": true,
            "override_special": null,
            "result": "zlA3kVf9KiciHOkM",
            "special": false,
            "upper": true
          },
          "sensitive_attributes": [
            [
              {
                "type": "get_attr",
                "value": "bcrypt_hash"
              }
            ],
            [
              {
                "type": "get_attr",
                "value": "result"
              }
            ]
          ],
          "identity_schema_version": 0
        }
      ]
    }
  ],
  "check_results": null
}
